
Microsoft Visual Studio Solution File, Format Version 12.00
# Visual Studio Version 16
VisualStudioVersion = 16.0.30907.101
MinimumVisualStudioVersion = 10.0.40219.1
Project("{FAE04EC0-301F-11D3-BF4B-00C04F79EFBC}") = "proyectoprueba", "proyectoprueba\proyectoprueba.csproj", "{7BE265F0-B407-4208-9E88-D8D309A28A1D}"
EndProject
Global
	GlobalSection(SolutionConfigurationPlatforms) = preSolution
		Debug|Any CPU = Debug|Any CPU
		Release|Any CPU = Release|Any CPU
	EndGlobalSection
	GlobalSection(ProjectConfigurationPlatforms) = postSolution
		{7BE265F0-B407-4208-9E88-D8D309A28A1D}.Debug|Any CPU.ActiveCfg = Debug|Any CPU
		{7BE265F0-B407-4208-9E88-D8D309A28A1D}.Debug|Any CPU.Build.0 = Debug|Any CPU
		{7BE265F0-B407-4208-9E88-D8D309A28A1D}.Release|Any CPU.ActiveCfg = Release|Any CPU
		{7BE265F0-B407-4208-9E88-D8D309A28A1D}.Release|Any CPU.Build.0 = Release|Any CPU
	EndGlobalSection
	GlobalSection(SolutionProperties) = preSolution
		HideSolutionNode = FALSE
	EndGlobalSection
	GlobalSection(ExtensibilityGlobals) = postSolution
		SolutionGuid = {B4998272-F4C5-4E9C-81F1-D22FE5C4C3DA}
	EndGlobalSection
EndGlobal
